
Microsoft Visual Studio Solution File, Format Version 12.00
# Visual Studio Version 17
VisualStudioVersion = 17.5.33502.453
MinimumVisualStudioVersion = 10.0.40219.1
Project("{8BC9CEB8-8B4A-11D0-8D11-00A0C91BC942}") = "member static", "member static\member static.vcxproj", "{815FAEBF-8FF4-4F38-A4BA-9CE91EC111B6}"
EndProject
Project("{8BC9CEB8-8B4A-11D0-8D11-00A0C91BC942}") = "staticfunc", "staticfunc\staticfunc.vcxproj", "{25E87FBA-DE65-42DF-AD73-0BD8BE2A73EB}"
EndProject
Project("{8BC9CEB8-8B4A-11D0-8D11-00A0C91BC942}") = "constructor", "constructor\constructor.vcxproj", "{914FD7BE-5D60-4323-B95F-500F6F522BC9}"
EndProject
Global
	GlobalSection(SolutionConfigurationPlatforms) = preSolution
		Debug|x64 = Debug|x64
		Debug|x86 = Debug|x86
		Release|x64 = Release|x64
		Release|x86 = Release|x86
	EndGlobalSection
	GlobalSection(ProjectConfigurationPlatforms) = postSolution
		{815FAEBF-8FF4-4F38-A4BA-9CE91EC111B6}.Debug|x64.ActiveCfg = Debug|x64
		{815FAEBF-8FF4-4F38-A4BA-9CE91EC111B6}.Debug|x64.Build.0 = Debug|x64
		{815FAEBF-8FF4-4F38-A4BA-9CE91EC111B6}.Debug|x86.ActiveCfg = Debug|Win32
		{815FAEBF-8FF4-4F38-A4BA-9CE91EC111B6}.Debug|x86.Build.0 = Debug|Win32
		{815FAEBF-8FF4-4F38-A4BA-9CE91EC111B6}.Release|x64.ActiveCfg = Release|x64
		{815FAEBF-8FF4-4F38-A4BA-9CE91EC111B6}.Release|x64.Build.0 = Release|x64
		{815FAEBF-8FF4-4F38-A4BA-9CE91EC111B6}.Release|x86.ActiveCfg = Release|Win32
		{815FAEBF-8FF4-4F38-A4BA-9CE91EC111B6}.Release|x86.Build.0 = Release|Win32
		{25E87FBA-DE65-42DF-AD73-0BD8BE2A73EB}.Debug|x64.ActiveCfg = Debug|x64
		{25E87FBA-DE65-42DF-AD73-0BD8BE2A73EB}.Debug|x64.Build.0 = Debug|x64
		{25E87FBA-DE65-42DF-AD73-0BD8BE2A73EB}.Debug|x86.ActiveCfg = Debug|Win32
		{25E87FBA-DE65-42DF-AD73-0BD8BE2A73EB}.Debug|x86.Build.0 = Debug|Win32
		{25E87FBA-DE65-42DF-AD73-0BD8BE2A73EB}.Release|x64.ActiveCfg = Release|x64
		{25E87FBA-DE65-42DF-AD73-0BD8BE2A73EB}.Release|x64.Build.0 = Release|x64
		{25E87FBA-DE65-42DF-AD73-0BD8BE2A73EB}.Release|x86.ActiveCfg = Release|Win32
		{25E87FBA-DE65-42DF-AD73-0BD8BE2A73EB}.Release|x86.Build.0 = Release|Win32
		{914FD7BE-5D60-4323-B95F-500F6F522BC9}.Debug|x64.ActiveCfg = Debug|x64
		{914FD7BE-5D60-4323-B95F-500F6F522BC9}.Debug|x64.Build.0 = Debug|x64
		{914FD7BE-5D60-4323-B95F-500F6F522BC9}.Debug|x86.ActiveCfg = Debug|Win32
		{914FD7BE-5D60-4323-B95F-500F6F522BC9}.Debug|x86.Build.0 = Debug|Win32
		{914FD7BE-5D60-4323-B95F-500F6F522BC9}.Release|x64.ActiveCfg = Release|x64
		{914FD7BE-5D60-4323-B95F-500F6F522BC9}.Release|x64.Build.0 = Release|x64
		{914FD7BE-5D60-4323-B95F-500F6F522BC9}.Release|x86.ActiveCfg = Release|Win32
		{914FD7BE-5D60-4323-B95F-500F6F522BC9}.Release|x86.Build.0 = Release|Win32
	EndGlobalSection
	GlobalSection(SolutionProperties) = preSolution
		HideSolutionNode = FALSE
	EndGlobalSection
	GlobalSection(ExtensibilityGlobals) = postSolution
		SolutionGuid = {9C7E3D8F-4EA5-48F7-9A9B-55D7A3F61191}
	EndGlobalSection
EndGlobal
